
Microsoft Visual Studio Solution File, Format Version 12.00
# Visual Studio Version 17
VisualStudioVersion = 17.5.002.0
MinimumVisualStudioVersion = 10.0.40219.1
Project("{9A19103F-16F7-4668-BE54-9A1E7A4F7556}") = "WebApp", "WebApp\WebApp.csproj", "{5DA966E7-0287-4F37-A954-FFFDE9731291}"
EndProject
Global
	GlobalSection(SolutionConfigurationPlatforms) = preSolution
		Debug|Any CPU = Debug|Any CPU
		Release|Any CPU = Release|Any CPU
	EndGlobalSection
	GlobalSection(ProjectConfigurationPlatforms) = postSolution
		{5DA966E7-0287-4F37-A954-FFFDE9731291}.Debug|Any CPU.ActiveCfg = Debug|Any CPU
		{5DA966E7-0287-4F37-A954-FFFDE9731291}.Debug|Any CPU.Build.0 = Debug|Any CPU
		{5DA966E7-0287-4F37-A954-FFFDE9731291}.Release|Any CPU.ActiveCfg = Release|Any CPU
		{5DA966E7-0287-4F37-A954-FFFDE9731291}.Release|Any CPU.Build.0 = Release|Any CPU
	EndGlobalSection
	GlobalSection(SolutionProperties) = preSolution
		HideSolutionNode = FALSE
	EndGlobalSection
	GlobalSection(ExtensibilityGlobals) = postSolution
		SolutionGuid = {639A52A8-1408-4EC4-BA85-96C16A0984A3}
	EndGlobalSection
EndGlobal
